// !$*UTF8*$!
{
	archiveVersion = 1;
	classes = {
	};
	objectVersion = 46;
	objects = {

/* Begin PBXBuildFile section */
		5A04920A1B50743700A392DE /* AppDelegate.swift in Sources */ = {isa = PBXBuildFile; fileRef = 5A0492091B50743700A392DE /* AppDelegate.swift */; };
		5A04920C1B50743700A392DE /* ViewController.swift in Sources */ = {isa = PBXBuildFile; fileRef = 5A04920B1B50743700A392DE /* ViewController.swift */; };
		5A04920F1B50743700A392DE /* Main.storyboard in Resources */ = {isa = PBXBuildFile; fileRef = 5A04920D1B50743700A392DE /* Main.storyboard */; };
		5A0492111B50743700A392DE /* Assets.xcassets in Resources */ = {isa = PBXBuildFile; fileRef = 5A0492101B50743700A392DE /* Assets.xcassets */; };
		5A0492141B50743700A392DE /* LaunchScreen.storyboard in Resources */ = {isa = PBXBuildFile; fileRef = 5A0492121B50743700A392DE /* LaunchScreen.storyboard */; };
/* End PBXBuildFile section */

/* Begin PBXFileReference section */
		5A0492061B50743700A392DE /* 05_TTT.app */ = {isa = PBXFileReference; explicitFileType = wrapper.application; includeInIndex = 0; path = 05_TTT.app; sourceTree = BUILT_PRODUCTS_DIR; };
		5A0492091B50743700A392DE /* AppDelegate.swift */ = {isa = PBXFileReference; lastKnownFileType = sourcecode.swift; path = AppDelegate.swift; sourceTree = "<group>"; };
		5A04920B1B50743700A392DE /* ViewController.swift */ = {isa = PBXFileReference; lastKnownFileType = sourcecode.swift; path = ViewController.swift; sourceTree = "<group>"; };
		5A04920E1B50743700A392DE /* Base */ = {isa = PBXFileReference; lastKnownFileType = file.storyboard; name = Base; path = Base.lproj/Main.storyboard; sourceTree = "<group>"; };
		5A0492101B50743700A392DE /* Assets.xcassets */ = {isa = PBXFileReference; lastKnownFileType = folder.assetcatalog; path = Assets.xcassets; sourceTree = "<group>"; };
		5A0492131B50743700A392DE /* Base */ = {isa = PBXFileReference; lastKnownFileType = file.storyboard; name = Base; path = Base.lproj/LaunchScreen.storyboard; sourceTree = "<group>"; };
		5A0492151B50743700A392DE /* Info.plist */ = {isa = PBXFileReference; lastKnownFileType = text.plist.xml; path = Info.plist; sourceTree = "<group>"; };
/* End PBXFileReference section */

/* Begin PBXFrameworksBuildPhase section */
		5A0492031B50743700A392DE /* Frameworks */ = {
			isa = PBXFrameworksBuildPhase;
			buildActionMask = 2147483647;
			files = (
			);
			runOnlyForDeploymentPostprocessing = 0;
		};
/* End PBXFrameworksBuildPhase section */

/* Begin PBXGroup section */
		5A0491FD1B50743700A392DE = {
			isa = PBXGroup;
			children = (
				5A0492081B50743700A392DE /* 05_TTT */,
				5A0492071B50743700A392DE /* Products */,
			);
			sourceTree = "<group>";
		};
		5A0492071B50743700A392DE /* Products */ = {
			isa = PBXGroup;
			children = (
				5A0492061B50743700A392DE /* 05_TTT.app */,
			);
			name = Products;
			sourceTree = "<group>";
		};
		5A0492081B50743700A392DE /* 05_TTT */ = {
			isa = PBXGroup;
			children = (
				5A0492091B50743700A392DE /* AppDelegate.swift */,
				5A04920B1B50743700A392DE /* ViewController.swift */,
				5A04920D1B50743700A392DE /* Main.storyboard */,
				5A0492101B50743700A392DE /* Assets.xcassets */,
				5A0492121B50743700A392DE /* LaunchScreen.storyboard */,
				5A0492151B50743700A392DE /* Info.plist */,
			);
			path = 05_TTT;
			sourceTree = "<group>";
		};
/* End PBXGroup section */

/* Begin PBXNativeTarget section */
		5A0492051B50743700A392DE /* 05_TTT */ = {
			isa = PBXNativeTarget;
			buildConfigurationList = 5A0492181B50743700A392DE /* Build configuration list for PBXNativeTarget "05_TTT" */;
			buildPhases = (
				5A0492021B50743700A392DE /* Sources */,
				5A0492031B50743700A392DE /* Frameworks */,
				5A0492041B50743700A392DE /* Resources */,
			);
			buildRules = (
			);
			dependencies = (
			);
			name = 05_TTT;
			productName = 05_TTT;
			productReference = 5A0492061B50743700A392DE /* 05_TTT.app */;
			productType = "com.apple.product-type.application";
		};
/* End PBXNativeTarget section */

/* Begin PBXProject section */
		5A0491FE1B50743700A392DE /* Project object */ = {
			isa = PBXProject;
			attributes = {
				LastUpgradeCheck = 0700;
				ORGANIZATIONNAME = "Jae Hoon Lee";
				TargetAttributes = {
					5A0492051B50743700A392DE = {
						CreatedOnToolsVersion = 7.0;
					};
				};
			};
			buildConfigurationList = 5A0492011B50743700A392DE /* Build configuration list for PBXProject "05_TTT" */;
			compatibilityVersion = "Xcode 3.2";
			developmentRegion = English;
			hasScannedForEncodings = 0;
			knownRegions = (
				en,
				Base,
			);
			mainGroup = 5A0491FD1B50743700A392DE;
			productRefGroup = 5A0492071B50743700A392DE /* Products */;
			projectDirPath = "";
			projectRoot = "";
			targets = (
				5A0492051B50743700A392DE /* 05_TTT */,
			);
		};
/* End PBXProject section */

/* Begin PBXResourcesBuildPhase section */
		5A0492041B50743700A392DE /* Resources */ = {
			isa = PBXResourcesBuildPhase;
			buildActionMask = 2147483647;
			files = (
				5A0492141B50743700A392DE /* LaunchScreen.storyboard in Resources */,
				5A0492111B50743700A392DE /* Assets.xcassets in Resources */,
				5A04920F1B50743700A392DE /* Main.storyboard in Resources */,
			);
			runOnlyForDeploymentPostprocessing = 0;
		};
/* End PBXResourcesBuildPhase section */

/* Begin PBXSourcesBuildPhase section */
		5A0492021B50743700A392DE /* Sources */ = {
			isa = PBXSourcesBuildPhase;
			buildActionMask = 2147483647;
			files = (
				5A04920C1B50743700A392DE /* ViewController.swift in Sources */,
				5A04920A1B50743700A392DE /* AppDelegate.swift in Sources */,
			);
			runOnlyForDeploymentPostprocessing = 0;
		};
/* End PBXSourcesBuildPhase section */

/* Begin PBXVariantGroup section */
		5A04920D1B50743700A392DE /* Main.storyboard */ = {
			isa = PBXVariantGroup;
			children = (
				5A04920E1B50743700A392DE /* Base */,
			);
			name = Main.storyboard;
			sourceTree = "<group>";
		};
		5A0492121B50743700A392DE /* LaunchScreen.storyboard */ = {
			isa = PBXVariantGroup;
			children = (
				5A0492131B50743700A392DE /* Base */,
			);
			name = LaunchScreen.storyboard;
			sourceTree = "<group>";
		};
/* End PBXVariantGroup section */

/* Begin XCBuildConfiguration section */
		5A0492161B50743700A392DE /* Debug */ = {
			isa = XCBuildConfiguration;
			buildSettings = {
				ALWAYS_SEARCH_USER_PATHS = NO;
				CLANG_CXX_LANGUAGE_STANDARD = "gnu++0x";
				CLANG_CXX_LIBRARY = "libc++";
				CLANG_ENABLE_MODULES = YES;
				CLANG_ENABLE_OBJC_ARC = YES;
				CLANG_WARN_BOOL_CONVERSION = YES;
				CLANG_WARN_CONSTANT_CONVERSION = YES;
				CLANG_WARN_DIRECT_OBJC_ISA_USAGE = YES_ERROR;
				CLANG_WARN_EMPTY_BODY = YES;
				CLANG_WARN_ENUM_CONVERSION = YES;
				CLANG_WARN_INT_CONVERSION = YES;
				CLANG_WARN_OBJC_ROOT_CLASS = YES_ERROR;
				CLANG_WARN_UNREACHABLE_CODE = YES;
				CLANG_WARN__DUPLICATE_METHOD_MATCH = YES;
				"CODE_SIGN_IDENTITY[sdk=iphoneos*]" = "iPhone Developer";
				COPY_PHASE_STRIP = NO;
				DEBUG_INFORMATION_FORMAT = dwarf;
				ENABLE_STRICT_OBJC_MSGSEND = YES;
				ENABLE_TESTABILITY = YES;
				GCC_C_LANGUAGE_STANDARD = gnu99;
				GCC_DYNAMIC_NO_PIC = NO;
				GCC_NO_COMMON_BLOCKS = YES;
				GCC_OPTIMIZATION_LEVEL = 0;
				GCC_PREPROCESSOR_DEFINITIONS = (
					"DEBUG=1",
					"$(inherited)",
				);
				GCC_WARN_64_TO_32_BIT_CONVERSION = YES;
				GCC_WARN_ABOUT_RETURN_TYPE = YES_ERROR;
				GCC_WARN_UNDECLARED_SELECTOR = YES;
				GCC_WARN_UNINITIALIZED_AUTOS = YES_AGGRESSIVE;
				GCC_WARN_UNUSED_FUNCTION = YES;
				GCC_WARN_UNUSED_VARIABLE = YES;
				IPHONEOS_DEPLOYMENT_TARGET = 9.0;
				MTL_ENABLE_DEBUG_INFO = YES;
				ONLY_ACTIVE_ARCH = YES;
				SDKROOT = iphoneos;
				SWIFT_OPTIMIZATION_LEVEL = "-Onone";
				TARGETED_DEVICE_FAMILY = "1,2";
			};
			name = Debug;
		};
		5A0492171B50743700A392DE /* Release */ = {
			isa = XCBuildConfiguration;
			buildSettings = {
				ALWAYS_SEARCH_USER_PATHS = NO;
				CLANG_CXX_LANGUAGE_STANDARD = "gnu++0x";
				CLANG_CXX_LIBRARY = "libc++";
				CLANG_ENABLE_MODULES = YES;
				CLANG_ENABLE_OBJC_ARC = YES;
				CLANG_WARN_BOOL_CONVERSION = YES;
				CLANG_WARN_CONSTANT_CONVERSION = YES;
				CLANG_WARN_DIRECT_OBJC_ISA_USAGE = YES_ERROR;
				CLANG_WARN_EMPTY_BODY = YES;
				CLANG_WARN_ENUM_CONVERSION = YES;
				CLANG_WARN_INT_CONVERSION = YES;
				CLANG_WARN_OBJC_ROOT_CLASS = YES_ERROR;
				CLANG_WARN_UNREACHABLE_CODE = YES;
				CLANG_WARN__DUPLICATE_METHOD_MATCH = YES;
				"CODE_SIGN_IDENTITY[sdk=iphoneos*]" = "iPhone Developer";
				COPY_PHASE_STRIP = NO;
				DEBUG_INFORMATION_FORMAT = "dwarf-with-dsym";
				ENABLE_NS_ASSERTIONS = NO;
				ENABLE_STRICT_OBJC_MSGSEND = YES;
				GCC_C_LANGUAGE_STANDARD = gnu99;
				GCC_NO_COMMON_BLOCKS = YES;
				GCC_WARN_64_TO_32_BIT_CONVERSION = YES;
				GCC_WARN_ABOUT_RETURN_TYPE = YES_ERROR;
				GCC_WARN_UNDECLARED_SELECTOR = YES;
				GCC_WARN_UNINITIALIZED_AUTOS = YES_AGGRESSIVE;
				GCC_WARN_UNUSED_FUNCTION = YES;
				GCC_WARN_UNUSED_VARIABLE = YES;
				IPHONEOS_DEPLOYMENT_TARGET = 9.0;
				MTL_ENABLE_DEBUG_INFO = NO;
				SDKROOT = iphoneos;
				TARGETED_DEVICE_FAMILY = "1,2";
				VALIDATE_PRODUCT = YES;
			};
			name = Release;
		};
		5A0492191B50743700A392DE /* Debug */ = {
			isa = XCBuildConfiguration;
			buildSettings = {
				ASSETCATALOG_COMPILER_APPICON_NAME = AppIcon;
				INFOPLIST_FILE = 05_TTT/Info.plist;
				LD_RUNPATH_SEARCH_PATHS = "$(inherited) @executable_path/Frameworks";
				PRODUCT_BUNDLE_IDENTIFIER = "com.andyrewlee.-5-TTT";
				PRODUCT_NAME = "$(TARGET_NAME)";
			};
			name = Debug;
		};
		5A04921A1B50743700A392DE /* Release */ = {
			isa = XCBuildConfiguration;
			buildSettings = {
				ASSETCATALOG_COMPILER_APPICON_NAME = AppIcon;
				INFOPLIST_FILE = 05_TTT/Info.plist;
				LD_RUNPATH_SEARCH_PATHS = "$(inherited) @executable_path/Frameworks";
				PRODUCT_BUNDLE_IDENTIFIER = "com.andyrewlee.-5-TTT";
				PRODUCT_NAME = "$(TARGET_NAME)";
			};
			name = Release;
		};
/* End XCBuildConfiguration section */

/* Begin XCConfigurationList section */
		5A0492011B50743700A392DE /* Build configuration list for PBXProject "05_TTT" */ = {
			isa = XCConfigurationList;
			buildConfigurations = (
				5A0492161B50743700A392DE /* Debug */,
				5A0492171B50743700A392DE /* Release */,
			);
			defaultConfigurationIsVisible = 0;
			defaultConfigurationName = Release;
		};
		5A0492181B50743700A392DE /* Build configuration list for PBXNativeTarget "05_TTT" */ = {
			isa = XCConfigurationList;
			buildConfigurations = (
				5A0492191B50743700A392DE /* Debug */,
				5A04921A1B50743700A392DE /* Release */,
			);
			defaultConfigurationIsVisible = 0;
		};
/* End XCConfigurationList section */
	};
	rootObject = 5A0491FE1B50743700A392DE /* Project object */;
}
